
Microsoft Visual Studio Solution File, Format Version 12.00
# Visual Studio Version 17
VisualStudioVersion = 17.0.31912.275
MinimumVisualStudioVersion = 10.0.40219.1
Project("{FAE04EC0-301F-11D3-BF4B-00C04F79EFBC}") = "Qualia.Umb.MasterIndex", "Qualia.Umb.MasterIndex\Qualia.Umb.MasterIndex.csproj", "{BEBCA7A1-C9E0-4542-A6B2-51D946452B09}"
EndProject
Global
	GlobalSection(SolutionConfigurationPlatforms) = preSolution
		Debug|Any CPU = Debug|Any CPU
		Release|Any CPU = Release|Any CPU
	EndGlobalSection
	GlobalSection(ProjectConfigurationPlatforms) = postSolution
		{BEBCA7A1-C9E0-4542-A6B2-51D946452B09}.Debug|Any CPU.ActiveCfg = Debug|Any CPU
		{BEBCA7A1-C9E0-4542-A6B2-51D946452B09}.Debug|Any CPU.Build.0 = Debug|Any CPU
		{BEBCA7A1-C9E0-4542-A6B2-51D946452B09}.Release|Any CPU.ActiveCfg = Release|Any CPU
		{BEBCA7A1-C9E0-4542-A6B2-51D946452B09}.Release|Any CPU.Build.0 = Release|Any CPU
	EndGlobalSection
	GlobalSection(SolutionProperties) = preSolution
		HideSolutionNode = FALSE
	EndGlobalSection
	GlobalSection(ExtensibilityGlobals) = postSolution
		SolutionGuid = {1485F2CE-FA56-4F27-8CE9-65656FE83BFF}
	EndGlobalSection
EndGlobal
